// !$*UTF8*$!
{
	archiveVersion = 1;
	classes = {
	};
	objectVersion = 46;
	objects = {

/* Begin PBXBuildFile section */
		C01D10131CBD755C0054C7A1 /* AppDelegate.swift in Sources */ = {isa = PBXBuildFile; fileRef = C01D10121CBD755C0054C7A1 /* AppDelegate.swift */; };
		C01D10151CBD755C0054C7A1 /* ViewController.swift in Sources */ = {isa = PBXBuildFile; fileRef = C01D10141CBD755C0054C7A1 /* ViewController.swift */; };
		C01D10171CBD755C0054C7A1 /* Assets.xcassets in Resources */ = {isa = PBXBuildFile; fileRef = C01D10161CBD755C0054C7A1 /* Assets.xcassets */; };
		C01D101A1CBD755C0054C7A1 /* Main.storyboard in Resources */ = {isa = PBXBuildFile; fileRef = C01D10181CBD755C0054C7A1 /* Main.storyboard */; };
		C01D10251CBD755C0054C7A1 /* ALPRMACTests.swift in Sources */ = {isa = PBXBuildFile; fileRef = C01D10241CBD755C0054C7A1 /* ALPRMACTests.swift */; };
		C01D10301CBD755C0054C7A1 /* ALPRMACUITests.swift in Sources */ = {isa = PBXBuildFile; fileRef = C01D102F1CBD755C0054C7A1 /* ALPRMACUITests.swift */; };
/* End PBXBuildFile section */

/* Begin PBXContainerItemProxy section */
		C01D10211CBD755C0054C7A1 /* PBXContainerItemProxy */ = {
			isa = PBXContainerItemProxy;
			containerPortal = C01D10071CBD755B0054C7A1 /* Project object */;
			proxyType = 1;
			remoteGlobalIDString = C01D100E1CBD755B0054C7A1;
			remoteInfo = ALPRMAC;
		};
		C01D102C1CBD755C0054C7A1 /* PBXContainerItemProxy */ = {
			isa = PBXContainerItemProxy;
			containerPortal = C01D10071CBD755B0054C7A1 /* Project object */;
			proxyType = 1;
			remoteGlobalIDString = C01D100E1CBD755B0054C7A1;
			remoteInfo = ALPRMAC;
		};
/* End PBXContainerItemProxy section */

/* Begin PBXFileReference section */
		C01D100F1CBD755B0054C7A1 /* ALPRMAC.app */ = {isa = PBXFileReference; explicitFileType = wrapper.application; includeInIndex = 0; path = ALPRMAC.app; sourceTree = BUILT_PRODUCTS_DIR; };
		C01D10121CBD755C0054C7A1 /* AppDelegate.swift */ = {isa = PBXFileReference; lastKnownFileType = sourcecode.swift; path = AppDelegate.swift; sourceTree = "<group>"; };
		C01D10141CBD755C0054C7A1 /* ViewController.swift */ = {isa = PBXFileReference; lastKnownFileType = sourcecode.swift; path = ViewController.swift; sourceTree = "<group>"; };
		C01D10161CBD755C0054C7A1 /* Assets.xcassets */ = {isa = PBXFileReference; lastKnownFileType = folder.assetcatalog; path = Assets.xcassets; sourceTree = "<group>"; };
		C01D10191CBD755C0054C7A1 /* Base */ = {isa = PBXFileReference; lastKnownFileType = file.storyboard; name = Base; path = Base.lproj/Main.storyboard; sourceTree = "<group>"; };
		C01D101B1CBD755C0054C7A1 /* Info.plist */ = {isa = PBXFileReference; lastKnownFileType = text.plist.xml; path = Info.plist; sourceTree = "<group>"; };
		C01D10201CBD755C0054C7A1 /* ALPRMACTests.xctest */ = {isa = PBXFileReference; explicitFileType = wrapper.cfbundle; includeInIndex = 0; path = ALPRMACTests.xctest; sourceTree = BUILT_PRODUCTS_DIR; };
		C01D10241CBD755C0054C7A1 /* ALPRMACTests.swift */ = {isa = PBXFileReference; lastKnownFileType = sourcecode.swift; path = ALPRMACTests.swift; sourceTree = "<group>"; };
		C01D10261CBD755C0054C7A1 /* Info.plist */ = {isa = PBXFileReference; lastKnownFileType = text.plist.xml; path = Info.plist; sourceTree = "<group>"; };
		C01D102B1CBD755C0054C7A1 /* ALPRMACUITests.xctest */ = {isa = PBXFileReference; explicitFileType = wrapper.cfbundle; includeInIndex = 0; path = ALPRMACUITests.xctest; sourceTree = BUILT_PRODUCTS_DIR; };
		C01D102F1CBD755C0054C7A1 /* ALPRMACUITests.swift */ = {isa = PBXFileReference; lastKnownFileType = sourcecode.swift; path = ALPRMACUITests.swift; sourceTree = "<group>"; };
		C01D10311CBD755C0054C7A1 /* Info.plist */ = {isa = PBXFileReference; lastKnownFileType = text.plist.xml; path = Info.plist; sourceTree = "<group>"; };
/* End PBXFileReference section */

/* Begin PBXFrameworksBuildPhase section */
		C01D100C1CBD755B0054C7A1 /* Frameworks */ = {
			isa = PBXFrameworksBuildPhase;
			buildActionMask = 2147483647;
			files = (
			);
			runOnlyForDeploymentPostprocessing = 0;
		};
		C01D101D1CBD755C0054C7A1 /* Frameworks */ = {
			isa = PBXFrameworksBuildPhase;
			buildActionMask = 2147483647;
			files = (
			);
			runOnlyForDeploymentPostprocessing = 0;
		};
		C01D10281CBD755C0054C7A1 /* Frameworks */ = {
			isa = PBXFrameworksBuildPhase;
			buildActionMask = 2147483647;
			files = (
			);
			runOnlyForDeploymentPostprocessing = 0;
		};
/* End PBXFrameworksBuildPhase section */

/* Begin PBXGroup section */
		C01D10061CBD755B0054C7A1 = {
			isa = PBXGroup;
			children = (
				C01D10111CBD755B0054C7A1 /* ALPRMAC */,
				C01D10231CBD755C0054C7A1 /* ALPRMACTests */,
				C01D102E1CBD755C0054C7A1 /* ALPRMACUITests */,
				C01D10101CBD755B0054C7A1 /* Products */,
			);
			sourceTree = "<group>";
		};
		C01D10101CBD755B0054C7A1 /* Products */ = {
			isa = PBXGroup;
			children = (
				C01D100F1CBD755B0054C7A1 /* ALPRMAC.app */,
				C01D10201CBD755C0054C7A1 /* ALPRMACTests.xctest */,
				C01D102B1CBD755C0054C7A1 /* ALPRMACUITests.xctest */,
			);
			name = Products;
			sourceTree = "<group>";
		};
		C01D10111CBD755B0054C7A1 /* ALPRMAC */ = {
			isa = PBXGroup;
			children = (
				C01D10121CBD755C0054C7A1 /* AppDelegate.swift */,
				C01D10141CBD755C0054C7A1 /* ViewController.swift */,
				C01D10161CBD755C0054C7A1 /* Assets.xcassets */,
				C01D10181CBD755C0054C7A1 /* Main.storyboard */,
				C01D101B1CBD755C0054C7A1 /* Info.plist */,
			);
			path = ALPRMAC;
			sourceTree = "<group>";
		};
		C01D10231CBD755C0054C7A1 /* ALPRMACTests */ = {
			isa = PBXGroup;
			children = (
				C01D10241CBD755C0054C7A1 /* ALPRMACTests.swift */,
				C01D10261CBD755C0054C7A1 /* Info.plist */,
			);
			path = ALPRMACTests;
			sourceTree = "<group>";
		};
		C01D102E1CBD755C0054C7A1 /* ALPRMACUITests */ = {
			isa = PBXGroup;
			children = (
				C01D102F1CBD755C0054C7A1 /* ALPRMACUITests.swift */,
				C01D10311CBD755C0054C7A1 /* Info.plist */,
			);
			path = ALPRMACUITests;
			sourceTree = "<group>";
		};
/* End PBXGroup section */

/* Begin PBXNativeTarget section */
		C01D100E1CBD755B0054C7A1 /* ALPRMAC */ = {
			isa = PBXNativeTarget;
			buildConfigurationList = C01D10341CBD755C0054C7A1 /* Build configuration list for PBXNativeTarget "ALPRMAC" */;
			buildPhases = (
				C01D100B1CBD755B0054C7A1 /* Sources */,
				C01D100C1CBD755B0054C7A1 /* Frameworks */,
				C01D100D1CBD755B0054C7A1 /* Resources */,
			);
			buildRules = (
			);
			dependencies = (
			);
			name = ALPRMAC;
			productName = ALPRMAC;
			productReference = C01D100F1CBD755B0054C7A1 /* ALPRMAC.app */;
			productType = "com.apple.product-type.application";
		};
		C01D101F1CBD755C0054C7A1 /* ALPRMACTests */ = {
			isa = PBXNativeTarget;
			buildConfigurationList = C01D10371CBD755C0054C7A1 /* Build configuration list for PBXNativeTarget "ALPRMACTests" */;
			buildPhases = (
				C01D101C1CBD755C0054C7A1 /* Sources */,
				C01D101D1CBD755C0054C7A1 /* Frameworks */,
				C01D101E1CBD755C0054C7A1 /* Resources */,
			);
			buildRules = (
			);
			dependencies = (
				C01D10221CBD755C0054C7A1 /* PBXTargetDependency */,
			);
			name = ALPRMACTests;
			productName = ALPRMACTests;
			productReference = C01D10201CBD755C0054C7A1 /* ALPRMACTests.xctest */;
			productType = "com.apple.product-type.bundle.unit-test";
		};
		C01D102A1CBD755C0054C7A1 /* ALPRMACUITests */ = {
			isa = PBXNativeTarget;
			buildConfigurationList = C01D103A1CBD755C0054C7A1 /* Build configuration list for PBXNativeTarget "ALPRMACUITests" */;
			buildPhases = (
				C01D10271CBD755C0054C7A1 /* Sources */,
				C01D10281CBD755C0054C7A1 /* Frameworks */,
				C01D10291CBD755C0054C7A1 /* Resources */,
			);
			buildRules = (
			);
			dependencies = (
				C01D102D1CBD755C0054C7A1 /* PBXTargetDependency */,
			);
			name = ALPRMACUITests;
			productName = ALPRMACUITests;
			productReference = C01D102B1CBD755C0054C7A1 /* ALPRMACUITests.xctest */;
			productType = "com.apple.product-type.bundle.ui-testing";
		};
/* End PBXNativeTarget section */

/* Begin PBXProject section */
		C01D10071CBD755B0054C7A1 /* Project object */ = {
			isa = PBXProject;
			attributes = {
				LastSwiftUpdateCheck = 0730;
				LastUpgradeCheck = 0730;
				ORGANIZATIONNAME = TNTap;
				TargetAttributes = {
					C01D100E1CBD755B0054C7A1 = {
						CreatedOnToolsVersion = 7.3;
					};
					C01D101F1CBD755C0054C7A1 = {
						CreatedOnToolsVersion = 7.3;
						TestTargetID = C01D100E1CBD755B0054C7A1;
					};
					C01D102A1CBD755C0054C7A1 = {
						CreatedOnToolsVersion = 7.3;
						TestTargetID = C01D100E1CBD755B0054C7A1;
					};
				};
			};
			buildConfigurationList = C01D100A1CBD755B0054C7A1 /* Build configuration list for PBXProject "ALPRMAC" */;
			compatibilityVersion = "Xcode 3.2";
			developmentRegion = English;
			hasScannedForEncodings = 0;
			knownRegions = (
				en,
				Base,
			);
			mainGroup = C01D10061CBD755B0054C7A1;
			productRefGroup = C01D10101CBD755B0054C7A1 /* Products */;
			projectDirPath = "";
			projectRoot = "";
			targets = (
				C01D100E1CBD755B0054C7A1 /* ALPRMAC */,
				C01D101F1CBD755C0054C7A1 /* ALPRMACTests */,
				C01D102A1CBD755C0054C7A1 /* ALPRMACUITests */,
			);
		};
/* End PBXProject section */

/* Begin PBXResourcesBuildPhase section */
		C01D100D1CBD755B0054C7A1 /* Resources */ = {
			isa = PBXResourcesBuildPhase;
			buildActionMask = 2147483647;
			files = (
				C01D10171CBD755C0054C7A1 /* Assets.xcassets in Resources */,
				C01D101A1CBD755C0054C7A1 /* Main.storyboard in Resources */,
			);
			runOnlyForDeploymentPostprocessing = 0;
		};
		C01D101E1CBD755C0054C7A1 /* Resources */ = {
			isa = PBXResourcesBuildPhase;
			buildActionMask = 2147483647;
			files = (
			);
			runOnlyForDeploymentPostprocessing = 0;
		};
		C01D10291CBD755C0054C7A1 /* Resources */ = {
			isa = PBXResourcesBuildPhase;
			buildActionMask = 2147483647;
			files = (
			);
			runOnlyForDeploymentPostprocessing = 0;
		};
/* End PBXResourcesBuildPhase section */

/* Begin PBXSourcesBuildPhase section */
		C01D100B1CBD755B0054C7A1 /* Sources */ = {
			isa = PBXSourcesBuildPhase;
			buildActionMask = 2147483647;
			files = (
				C01D10151CBD755C0054C7A1 /* ViewController.swift in Sources */,
				C01D10131CBD755C0054C7A1 /* AppDelegate.swift in Sources */,
			);
			runOnlyForDeploymentPostprocessing = 0;
		};
		C01D101C1CBD755C0054C7A1 /* Sources */ = {
			isa = PBXSourcesBuildPhase;
			buildActionMask = 2147483647;
			files = (
				C01D10251CBD755C0054C7A1 /* ALPRMACTests.swift in Sources */,
			);
			runOnlyForDeploymentPostprocessing = 0;
		};
		C01D10271CBD755C0054C7A1 /* Sources */ = {
			isa = PBXSourcesBuildPhase;
			buildActionMask = 2147483647;
			files = (
				C01D10301CBD755C0054C7A1 /* ALPRMACUITests.swift in Sources */,
			);
			runOnlyForDeploymentPostprocessing = 0;
		};
/* End PBXSourcesBuildPhase section */

/* Begin PBXTargetDependency section */
		C01D10221CBD755C0054C7A1 /* PBXTargetDependency */ = {
			isa = PBXTargetDependency;
			target = C01D100E1CBD755B0054C7A1 /* ALPRMAC */;
			targetProxy = C01D10211CBD755C0054C7A1 /* PBXContainerItemProxy */;
		};
		C01D102D1CBD755C0054C7A1 /* PBXTargetDependency */ = {
			isa = PBXTargetDependency;
			target = C01D100E1CBD755B0054C7A1 /* ALPRMAC */;
			targetProxy = C01D102C1CBD755C0054C7A1 /* PBXContainerItemProxy */;
		};
/* End PBXTargetDependency section */

/* Begin PBXVariantGroup section */
		C01D10181CBD755C0054C7A1 /* Main.storyboard */ = {
			isa = PBXVariantGroup;
			children = (
				C01D10191CBD755C0054C7A1 /* Base */,
			);
			name = Main.storyboard;
			sourceTree = "<group>";
		};
/* End PBXVariantGroup section */

/* Begin XCBuildConfiguration section */
		C01D10321CBD755C0054C7A1 /* Debug */ = {
			isa = XCBuildConfiguration;
			buildSettings = {
				ALWAYS_SEARCH_USER_PATHS = NO;
				CLANG_ANALYZER_NONNULL = YES;
				CLANG_CXX_LANGUAGE_STANDARD = "gnu++0x";
				CLANG_CXX_LIBRARY = "libc++";
				CLANG_ENABLE_MODULES = YES;
				CLANG_ENABLE_OBJC_ARC = YES;
				CLANG_WARN_BOOL_CONVERSION = YES;
				CLANG_WARN_CONSTANT_CONVERSION = YES;
				CLANG_WARN_DIRECT_OBJC_ISA_USAGE = YES_ERROR;
				CLANG_WARN_EMPTY_BODY = YES;
				CLANG_WARN_ENUM_CONVERSION = YES;
				CLANG_WARN_INT_CONVERSION = YES;
				CLANG_WARN_OBJC_ROOT_CLASS = YES_ERROR;
				CLANG_WARN_UNREACHABLE_CODE = YES;
				CLANG_WARN__DUPLICATE_METHOD_MATCH = YES;
				CODE_SIGN_IDENTITY = "-";
				COPY_PHASE_STRIP = NO;
				DEBUG_INFORMATION_FORMAT = dwarf;
				ENABLE_STRICT_OBJC_MSGSEND = YES;
				ENABLE_TESTABILITY = YES;
				GCC_C_LANGUAGE_STANDARD = gnu99;
				GCC_DYNAMIC_NO_PIC = NO;
				GCC_NO_COMMON_BLOCKS = YES;
				GCC_OPTIMIZATION_LEVEL = 0;
				GCC_PREPROCESSOR_DEFINITIONS = (
					"DEBUG=1",
					"$(inherited)",
				);
				GCC_WARN_64_TO_32_BIT_CONVERSION = YES;
				GCC_WARN_ABOUT_RETURN_TYPE = YES_ERROR;
				GCC_WARN_UNDECLARED_SELECTOR = YES;
				GCC_WARN_UNINITIALIZED_AUTOS = YES_AGGRESSIVE;
				GCC_WARN_UNUSED_FUNCTION = YES;
				GCC_WARN_UNUSED_VARIABLE = YES;
				MACOSX_DEPLOYMENT_TARGET = 10.11;
				MTL_ENABLE_DEBUG_INFO = YES;
				ONLY_ACTIVE_ARCH = YES;
				SDKROOT = macosx;
				SWIFT_OPTIMIZATION_LEVEL = "-Onone";
			};
			name = Debug;
		};
		C01D10331CBD755C0054C7A1 /* Release */ = {
			isa = XCBuildConfiguration;
			buildSettings = {
				ALWAYS_SEARCH_USER_PATHS = NO;
				CLANG_ANALYZER_NONNULL = YES;
				CLANG_CXX_LANGUAGE_STANDARD = "gnu++0x";
				CLANG_CXX_LIBRARY = "libc++";
				CLANG_ENABLE_MODULES = YES;
				CLANG_ENABLE_OBJC_ARC = YES;
				CLANG_WARN_BOOL_CONVERSION = YES;
				CLANG_WARN_CONSTANT_CONVERSION = YES;
				CLANG_WARN_DIRECT_OBJC_ISA_USAGE = YES_ERROR;
				CLANG_WARN_EMPTY_BODY = YES;
				CLANG_WARN_ENUM_CONVERSION = YES;
				CLANG_WARN_INT_CONVERSION = YES;
				CLANG_WARN_OBJC_ROOT_CLASS = YES_ERROR;
				CLANG_WARN_UNREACHABLE_CODE = YES;
				CLANG_WARN__DUPLICATE_METHOD_MATCH = YES;
				CODE_SIGN_IDENTITY = "-";
				COPY_PHASE_STRIP = NO;
				DEBUG_INFORMATION_FORMAT = "dwarf-with-dsym";
				ENABLE_NS_ASSERTIONS = NO;
				ENABLE_STRICT_OBJC_MSGSEND = YES;
				GCC_C_LANGUAGE_STANDARD = gnu99;
				GCC_NO_COMMON_BLOCKS = YES;
				GCC_WARN_64_TO_32_BIT_CONVERSION = YES;
				GCC_WARN_ABOUT_RETURN_TYPE = YES_ERROR;
				GCC_WARN_UNDECLARED_SELECTOR = YES;
				GCC_WARN_UNINITIALIZED_AUTOS = YES_AGGRESSIVE;
				GCC_WARN_UNUSED_FUNCTION = YES;
				GCC_WARN_UNUSED_VARIABLE = YES;
				MACOSX_DEPLOYMENT_TARGET = 10.11;
				MTL_ENABLE_DEBUG_INFO = NO;
				SDKROOT = macosx;
			};
			name = Release;
		};
		C01D10351CBD755C0054C7A1 /* Debug */ = {
			isa = XCBuildConfiguration;
			buildSettings = {
				ASSETCATALOG_COMPILER_APPICON_NAME = AppIcon;
				COMBINE_HIDPI_IMAGES = YES;
				INFOPLIST_FILE = ALPRMAC/Info.plist;
				LD_RUNPATH_SEARCH_PATHS = "$(inherited) @executable_path/../Frameworks";
				PRODUCT_BUNDLE_IDENTIFIER = com.tntap.ALPRMAC;
				PRODUCT_NAME = "$(TARGET_NAME)";
			};
			name = Debug;
		};
		C01D10361CBD755C0054C7A1 /* Release */ = {
			isa = XCBuildConfiguration;
			buildSettings = {
				ASSETCATALOG_COMPILER_APPICON_NAME = AppIcon;
				COMBINE_HIDPI_IMAGES = YES;
				INFOPLIST_FILE = ALPRMAC/Info.plist;
				LD_RUNPATH_SEARCH_PATHS = "$(inherited) @executable_path/../Frameworks";
				PRODUCT_BUNDLE_IDENTIFIER = com.tntap.ALPRMAC;
				PRODUCT_NAME = "$(TARGET_NAME)";
			};
			name = Release;
		};
		C01D10381CBD755C0054C7A1 /* Debug */ = {
			isa = XCBuildConfiguration;
			buildSettings = {
				BUNDLE_LOADER = "$(TEST_HOST)";
				COMBINE_HIDPI_IMAGES = YES;
				INFOPLIST_FILE = ALPRMACTests/Info.plist;
				LD_RUNPATH_SEARCH_PATHS = "$(inherited) @executable_path/../Frameworks @loader_path/../Frameworks";
				PRODUCT_BUNDLE_IDENTIFIER = com.tntap.ALPRMACTests;
				PRODUCT_NAME = "$(TARGET_NAME)";
				TEST_HOST = "$(BUILT_PRODUCTS_DIR)/ALPRMAC.app/Contents/MacOS/ALPRMAC";
			};
			name = Debug;
		};
		C01D10391CBD755C0054C7A1 /* Release */ = {
			isa = XCBuildConfiguration;
			buildSettings = {
				BUNDLE_LOADER = "$(TEST_HOST)";
				COMBINE_HIDPI_IMAGES = YES;
				INFOPLIST_FILE = ALPRMACTests/Info.plist;
				LD_RUNPATH_SEARCH_PATHS = "$(inherited) @executable_path/../Frameworks @loader_path/../Frameworks";
				PRODUCT_BUNDLE_IDENTIFIER = com.tntap.ALPRMACTests;
				PRODUCT_NAME = "$(TARGET_NAME)";
				TEST_HOST = "$(BUILT_PRODUCTS_DIR)/ALPRMAC.app/Contents/MacOS/ALPRMAC";
			};
			name = Release;
		};
		C01D103B1CBD755C0054C7A1 /* Debug */ = {
			isa = XCBuildConfiguration;
			buildSettings = {
				COMBINE_HIDPI_IMAGES = YES;
				INFOPLIST_FILE = ALPRMACUITests/Info.plist;
				LD_RUNPATH_SEARCH_PATHS = "$(inherited) @executable_path/../Frameworks @loader_path/../Frameworks";
				PRODUCT_BUNDLE_IDENTIFIER = com.tntap.ALPRMACUITests;
				PRODUCT_NAME = "$(TARGET_NAME)";
				TEST_TARGET_NAME = ALPRMAC;
			};
			name = Debug;
		};
		C01D103C1CBD755C0054C7A1 /* Release */ = {
			isa = XCBuildConfiguration;
			buildSettings = {
				COMBINE_HIDPI_IMAGES = YES;
				INFOPLIST_FILE = ALPRMACUITests/Info.plist;
				LD_RUNPATH_SEARCH_PATHS = "$(inherited) @executable_path/../Frameworks @loader_path/../Frameworks";
				PRODUCT_BUNDLE_IDENTIFIER = com.tntap.ALPRMACUITests;
				PRODUCT_NAME = "$(TARGET_NAME)";
				TEST_TARGET_NAME = ALPRMAC;
			};
			name = Release;
		};
/* End XCBuildConfiguration section */

/* Begin XCConfigurationList section */
		C01D100A1CBD755B0054C7A1 /* Build configuration list for PBXProject "ALPRMAC" */ = {
			isa = XCConfigurationList;
			buildConfigurations = (
				C01D10321CBD755C0054C7A1 /* Debug */,
				C01D10331CBD755C0054C7A1 /* Release */,
			);
			defaultConfigurationIsVisible = 0;
			defaultConfigurationName = Release;
		};
		C01D10341CBD755C0054C7A1 /* Build configuration list for PBXNativeTarget "ALPRMAC" */ = {
			isa = XCConfigurationList;
			buildConfigurations = (
				C01D10351CBD755C0054C7A1 /* Debug */,
				C01D10361CBD755C0054C7A1 /* Release */,
			);
			defaultConfigurationIsVisible = 0;
		};
		C01D10371CBD755C0054C7A1 /* Build configuration list for PBXNativeTarget "ALPRMACTests" */ = {
			isa = XCConfigurationList;
			buildConfigurations = (
				C01D10381CBD755C0054C7A1 /* Debug */,
				C01D10391CBD755C0054C7A1 /* Release */,
			);
			defaultConfigurationIsVisible = 0;
		};
		C01D103A1CBD755C0054C7A1 /* Build configuration list for PBXNativeTarget "ALPRMACUITests" */ = {
			isa = XCConfigurationList;
			buildConfigurations = (
				C01D103B1CBD755C0054C7A1 /* Debug */,
				C01D103C1CBD755C0054C7A1 /* Release */,
			);
			defaultConfigurationIsVisible = 0;
		};
/* End XCConfigurationList section */
	};
	rootObject = C01D10071CBD755B0054C7A1 /* Project object */;
}
